{
  "name": "Folio",
  "lockfileVersion": 2,
  "requires": true,
  "packages": {
    "": {
      "dependencies": {
        "no-scroll": "^2.1.1"
      }
    },
    "node_modules/no-scroll": {
      "version": "2.1.1",
      "resolved": "https://registry.npmjs.org/no-scroll/-/no-scroll-2.1.1.tgz",
      "integrity": "sha512-YTzGAJOo/B6hkodeT5SKKHpOhAzjMfkUCCXjLJwjWk2F4/InIg+HbdH9kmT7bKpleDuqLZDTRy2OdNtAj0IVyQ=="
    }
  },
  "dependencies": {
    "no-scroll": {
      "version": "2.1.1",
      "resolved": "https://registry.npmjs.org/no-scroll/-/no-scroll-2.1.1.tgz",
      "integrity": "sha512-YTzGAJOo/B6hkodeT5SKKHpOhAzjMfkUCCXjLJwjWk2F4/InIg+HbdH9kmT7bKpleDuqLZDTRy2OdNtAj0IVyQ=="
    }
  }
}
